{
  "object": {
    "pins": [
      {
        "package": "ReflectiveEquality",
        "repositoryURL": "https://github.com/drseg/equatable_by_reflection",
        "state": {
          "branch": "main",
          "revision": "0509372dbd0a5e03c1144bb7c5254bb4b5ad60e2",
          "version": null
        }
      }
    ]
  },
  "version": 1
}
