{
  "object": {
    "pins": [
      {
        "package": "Nand2TetrisTestLoader",
        "repositoryURL": "https://github.com/drseg/Nand2TetrisTestLoader.git",
        "state": {
          "branch": "main",
          "revision": "e7ebe28c6e3ac53061447d8fe10e802d95ad1bd4",
          "version": null
        }
      }
    ]
  },
  "version": 1
}
